
Microsoft Visual Studio Solution File, Format Version 12.00
# Visual Studio 15
VisualStudioVersion = 15.0.27428.2037
MinimumVisualStudioVersion = 10.0.40219.1
Project("{FAE04EC0-301F-11D3-BF4B-00C04F79EFBC}") = "Felix.Bet365.Crawler", "Felix.Bet365.Crawler\Felix.Bet365.Crawler.csproj", "{9C685887-F621-4BEE-A230-3D2CE472C6D8}"
EndProject
Project("{9A19103F-16F7-4668-BE54-9A1E7A4F7556}") = "Felix.Bet365.NETCore.Crawler", "Felix.Bet365.NETCore.Crawler\Felix.Bet365.NETCore.Crawler.csproj", "{484F3086-1094-4670-A91A-AD327C02BF10}"
EndProject
Project("{FAE04EC0-301F-11D3-BF4B-00C04F79EFBC}") = "RaceDB", "RaceDB\RaceDB.csproj", "{A70FD1C7-795C-47E7-90D1-4A937AE8A084}"
EndProject
Global
	GlobalSection(SolutionConfigurationPlatforms) = preSolution
		Debug|Any CPU = Debug|Any CPU
		Release|Any CPU = Release|Any CPU
	EndGlobalSection
	GlobalSection(ProjectConfigurationPlatforms) = postSolution
		{9C685887-F621-4BEE-A230-3D2CE472C6D8}.Debug|Any CPU.ActiveCfg = Debug|Any CPU
		{9C685887-F621-4BEE-A230-3D2CE472C6D8}.Debug|Any CPU.Build.0 = Debug|Any CPU
		{9C685887-F621-4BEE-A230-3D2CE472C6D8}.Release|Any CPU.ActiveCfg = Release|Any CPU
		{9C685887-F621-4BEE-A230-3D2CE472C6D8}.Release|Any CPU.Build.0 = Release|Any CPU
		{484F3086-1094-4670-A91A-AD327C02BF10}.Debug|Any CPU.ActiveCfg = Debug|Any CPU
		{484F3086-1094-4670-A91A-AD327C02BF10}.Debug|Any CPU.Build.0 = Debug|Any CPU
		{484F3086-1094-4670-A91A-AD327C02BF10}.Release|Any CPU.ActiveCfg = Release|Any CPU
		{484F3086-1094-4670-A91A-AD327C02BF10}.Release|Any CPU.Build.0 = Release|Any CPU
		{A70FD1C7-795C-47E7-90D1-4A937AE8A084}.Debug|Any CPU.ActiveCfg = Debug|Any CPU
		{A70FD1C7-795C-47E7-90D1-4A937AE8A084}.Debug|Any CPU.Build.0 = Debug|Any CPU
		{A70FD1C7-795C-47E7-90D1-4A937AE8A084}.Release|Any CPU.ActiveCfg = Release|Any CPU
		{A70FD1C7-795C-47E7-90D1-4A937AE8A084}.Release|Any CPU.Build.0 = Release|Any CPU
	EndGlobalSection
	GlobalSection(SolutionProperties) = preSolution
		HideSolutionNode = FALSE
	EndGlobalSection
	GlobalSection(ExtensibilityGlobals) = postSolution
		SolutionGuid = {BEF3DA53-9480-4E44-AE5A-B07B6C1D0F47}
	EndGlobalSection
EndGlobal
